
Microsoft Visual Studio Solution File, Format Version 12.00
# Visual Studio Version 16
VisualStudioVersion = 16.0.29519.181
MinimumVisualStudioVersion = 10.0.40219.1
Project("{9A19103F-16F7-4668-BE54-9A1E7A4F7556}") = "TimeUtilities", "TimeUtilities\TimeUtilities.csproj", "{5E564770-6976-4F1B-B6A6-C0A787BF1218}"
EndProject
Project("{2150E333-8FDC-42A3-9474-1A3956D46DE8}") = "Solution Items", "Solution Items", "{EC9C68C8-5EA8-47B9-AC2C-AA6159DC2410}"
	ProjectSection(SolutionItems) = preProject
		.editorconfig = .editorconfig
	EndProjectSection
EndProject
Project("{9A19103F-16F7-4668-BE54-9A1E7A4F7556}") = "BlazorUtils.JsInterop", "..\BlazorUtils\BlazorUtils.JsInterop\BlazorUtils.JsInterop.csproj", "{5CAEDE4C-2F86-4E93-82A2-4CEDA0820983}"
EndProject
Project("{9A19103F-16F7-4668-BE54-9A1E7A4F7556}") = "DotNetUtils.DateAndTime", "..\DotNetUtils\DotNetUtils.DateAndTime\DotNetUtils.DateAndTime.csproj", "{12339BB7-46A7-402E-B7C4-C00C71D4DBAE}"
EndProject
Project("{9A19103F-16F7-4668-BE54-9A1E7A4F7556}") = "BlazorUtils.FormControls", "..\BlazorUtils\BlazorUtils.FormControls\BlazorUtils.FormControls.csproj", "{E5469DB8-0CD1-40A7-8BA4-78B5044E96E4}"
EndProject
Project("{FAE04EC0-301F-11D3-BF4B-00C04F79EFBC}") = "BlazorUtils.Firebase", "..\BlazorUtils\BlazorUtils.Firebase\BlazorUtils.Firebase.csproj", "{C9C08C3E-5EA0-4C27-8938-DA5519EC6ED9}"
EndProject
Global
	GlobalSection(SolutionConfigurationPlatforms) = preSolution
		Debug|Any CPU = Debug|Any CPU
		Release|Any CPU = Release|Any CPU
	EndGlobalSection
	GlobalSection(ProjectConfigurationPlatforms) = postSolution
		{5E564770-6976-4F1B-B6A6-C0A787BF1218}.Debug|Any CPU.ActiveCfg = Debug|Any CPU
		{5E564770-6976-4F1B-B6A6-C0A787BF1218}.Debug|Any CPU.Build.0 = Debug|Any CPU
		{5E564770-6976-4F1B-B6A6-C0A787BF1218}.Release|Any CPU.ActiveCfg = Release|Any CPU
		{5E564770-6976-4F1B-B6A6-C0A787BF1218}.Release|Any CPU.Build.0 = Release|Any CPU
		{5CAEDE4C-2F86-4E93-82A2-4CEDA0820983}.Debug|Any CPU.ActiveCfg = Debug|Any CPU
		{5CAEDE4C-2F86-4E93-82A2-4CEDA0820983}.Debug|Any CPU.Build.0 = Debug|Any CPU
		{5CAEDE4C-2F86-4E93-82A2-4CEDA0820983}.Release|Any CPU.ActiveCfg = Release|Any CPU
		{5CAEDE4C-2F86-4E93-82A2-4CEDA0820983}.Release|Any CPU.Build.0 = Release|Any CPU
		{12339BB7-46A7-402E-B7C4-C00C71D4DBAE}.Debug|Any CPU.ActiveCfg = Debug|Any CPU
		{12339BB7-46A7-402E-B7C4-C00C71D4DBAE}.Debug|Any CPU.Build.0 = Debug|Any CPU
		{12339BB7-46A7-402E-B7C4-C00C71D4DBAE}.Release|Any CPU.ActiveCfg = Release|Any CPU
		{12339BB7-46A7-402E-B7C4-C00C71D4DBAE}.Release|Any CPU.Build.0 = Release|Any CPU
		{E5469DB8-0CD1-40A7-8BA4-78B5044E96E4}.Debug|Any CPU.ActiveCfg = Debug|Any CPU
		{E5469DB8-0CD1-40A7-8BA4-78B5044E96E4}.Debug|Any CPU.Build.0 = Debug|Any CPU
		{E5469DB8-0CD1-40A7-8BA4-78B5044E96E4}.Release|Any CPU.ActiveCfg = Release|Any CPU
		{E5469DB8-0CD1-40A7-8BA4-78B5044E96E4}.Release|Any CPU.Build.0 = Release|Any CPU
		{C9C08C3E-5EA0-4C27-8938-DA5519EC6ED9}.Debug|Any CPU.ActiveCfg = Debug|Any CPU
		{C9C08C3E-5EA0-4C27-8938-DA5519EC6ED9}.Debug|Any CPU.Build.0 = Debug|Any CPU
		{C9C08C3E-5EA0-4C27-8938-DA5519EC6ED9}.Release|Any CPU.ActiveCfg = Release|Any CPU
		{C9C08C3E-5EA0-4C27-8938-DA5519EC6ED9}.Release|Any CPU.Build.0 = Release|Any CPU
	EndGlobalSection
	GlobalSection(SolutionProperties) = preSolution
		HideSolutionNode = FALSE
	EndGlobalSection
	GlobalSection(ExtensibilityGlobals) = postSolution
		SolutionGuid = {940A1538-6A9E-44B3-B798-37FEBD70A910}
	EndGlobalSection
EndGlobal
